
Microsoft Visual Studio Solution File, Format Version 12.00
# Visual Studio Version 16
VisualStudioVersion = 16.0.31829.152
MinimumVisualStudioVersion = 10.0.40219.1
Project("{FAE04EC0-301F-11D3-BF4B-00C04F79EFBC}") = "FormRegistroMercancias", "WindowsForms-Interface\FormRegistroMercancias.csproj", "{58B95587-298B-48F9-967E-D659808F5DD8}"
EndProject
Project("{2150E333-8FDC-42A3-9474-1A3956D46DE8}") = "WindowsForms", "WindowsForms", "{8A46C7B2-57C3-4460-94B5-51BBC017A6D2}"
EndProject
Project("{FAE04EC0-301F-11D3-BF4B-00C04F79EFBC}") = "classLibrary-CRUD-Logic", "classLibrary-CRUD-Logic\classLibrary-CRUD-Logic.csproj", "{6B97E67B-013F-4245-9CD8-A7EFD6F97C11}"
EndProject
Project("{2150E333-8FDC-42A3-9474-1A3956D46DE8}") = "ClassLibrary", "ClassLibrary", "{32D4558E-0473-47B7-9605-5014CFCB2380}"
EndProject
Global
	GlobalSection(SolutionConfigurationPlatforms) = preSolution
		Debug|Any CPU = Debug|Any CPU
		Release|Any CPU = Release|Any CPU
	EndGlobalSection
	GlobalSection(ProjectConfigurationPlatforms) = postSolution
		{58B95587-298B-48F9-967E-D659808F5DD8}.Debug|Any CPU.ActiveCfg = Debug|Any CPU
		{58B95587-298B-48F9-967E-D659808F5DD8}.Debug|Any CPU.Build.0 = Debug|Any CPU
		{58B95587-298B-48F9-967E-D659808F5DD8}.Release|Any CPU.ActiveCfg = Release|Any CPU
		{58B95587-298B-48F9-967E-D659808F5DD8}.Release|Any CPU.Build.0 = Release|Any CPU
		{6B97E67B-013F-4245-9CD8-A7EFD6F97C11}.Debug|Any CPU.ActiveCfg = Debug|Any CPU
		{6B97E67B-013F-4245-9CD8-A7EFD6F97C11}.Debug|Any CPU.Build.0 = Debug|Any CPU
		{6B97E67B-013F-4245-9CD8-A7EFD6F97C11}.Release|Any CPU.ActiveCfg = Release|Any CPU
		{6B97E67B-013F-4245-9CD8-A7EFD6F97C11}.Release|Any CPU.Build.0 = Release|Any CPU
	EndGlobalSection
	GlobalSection(SolutionProperties) = preSolution
		HideSolutionNode = FALSE
	EndGlobalSection
	GlobalSection(NestedProjects) = preSolution
		{58B95587-298B-48F9-967E-D659808F5DD8} = {8A46C7B2-57C3-4460-94B5-51BBC017A6D2}
		{6B97E67B-013F-4245-9CD8-A7EFD6F97C11} = {32D4558E-0473-47B7-9605-5014CFCB2380}
	EndGlobalSection
	GlobalSection(ExtensibilityGlobals) = postSolution
		SolutionGuid = {D84FD68E-AF81-4129-AC90-A05BC81F3D65}
	EndGlobalSection
EndGlobal
